
Microsoft Visual Studio Solution File, Format Version 12.00
# Visual Studio Version 17
VisualStudioVersion = 17.3.32825.248
MinimumVisualStudioVersion = 10.0.40219.1
Project("{F184B08F-C81C-45F6-A57F-5ABD9991F28F}") = "LAB_EXAM", "LAB_EXAM\LAB_EXAM.vbproj", "{05C493A3-1D06-4A1E-BFA5-01E4EB789B7C}"
EndProject
Global
	GlobalSection(SolutionConfigurationPlatforms) = preSolution
		Debug|Any CPU = Debug|Any CPU
		Release|Any CPU = Release|Any CPU
	EndGlobalSection
	GlobalSection(ProjectConfigurationPlatforms) = postSolution
		{05C493A3-1D06-4A1E-BFA5-01E4EB789B7C}.Debug|Any CPU.ActiveCfg = Debug|Any CPU
		{05C493A3-1D06-4A1E-BFA5-01E4EB789B7C}.Debug|Any CPU.Build.0 = Debug|Any CPU
		{05C493A3-1D06-4A1E-BFA5-01E4EB789B7C}.Release|Any CPU.ActiveCfg = Release|Any CPU
		{05C493A3-1D06-4A1E-BFA5-01E4EB789B7C}.Release|Any CPU.Build.0 = Release|Any CPU
	EndGlobalSection
	GlobalSection(SolutionProperties) = preSolution
		HideSolutionNode = FALSE
	EndGlobalSection
	GlobalSection(ExtensibilityGlobals) = postSolution
		SolutionGuid = {BB5F9A86-C47E-4101-82A9-EE7E5BFFAC5E}
	EndGlobalSection
EndGlobal
