
Microsoft Visual Studio Solution File, Format Version 12.00
# Visual Studio Version 16
VisualStudioVersion = 16.0.33027.164
MinimumVisualStudioVersion = 10.0.40219.1
Project("{F184B08F-C81C-45F6-A57F-5ABD9991F28F}") = "DemoDB1", "DemoDB1\DemoDB1.vbproj", "{953FE989-D482-44F0-A538-694E30E2D825}"
EndProject
Global
	GlobalSection(SolutionConfigurationPlatforms) = preSolution
		Debug|Any CPU = Debug|Any CPU
		Release|Any CPU = Release|Any CPU
	EndGlobalSection
	GlobalSection(ProjectConfigurationPlatforms) = postSolution
		{953FE989-D482-44F0-A538-694E30E2D825}.Debug|Any CPU.ActiveCfg = Debug|Any CPU
		{953FE989-D482-44F0-A538-694E30E2D825}.Debug|Any CPU.Build.0 = Debug|Any CPU
		{953FE989-D482-44F0-A538-694E30E2D825}.Release|Any CPU.ActiveCfg = Release|Any CPU
		{953FE989-D482-44F0-A538-694E30E2D825}.Release|Any CPU.Build.0 = Release|Any CPU
	EndGlobalSection
	GlobalSection(SolutionProperties) = preSolution
		HideSolutionNode = FALSE
	EndGlobalSection
	GlobalSection(ExtensibilityGlobals) = postSolution
		SolutionGuid = {F8F83CC5-1A3E-479D-911A-ECF0201FCC74}
	EndGlobalSection
EndGlobal
